{
  "object": {
    "pins": [
      {
        "package": "RetryStrategies",
        "repositoryURL": "https://github.com/aleksproger/retry-strategies.git",
        "state": {
          "branch": null,
          "revision": "e3e63408cc1f80fddc23ea27f5239ee58decf108",
          "version": "1.0.0"
        }
      },
      {
        "package": "TimeoutStrategy",
        "repositoryURL": "https://github.com/aleksproger/timeout-strategy.git",
        "state": {
          "branch": null,
          "revision": "2867d790a84a6123cf560f540170f5b8520eb1c9",
          "version": "1.0.0"
        }
      }
    ]
  },
  "version": 1
}
